// !$*UTF8*$!
{
	archiveVersion = 1;
	classes = {
	};
	objectVersion = 56;
	objects = {

/* Begin PBXBuildFile section */
		C0AAB9962A5C3B7700359F06 /* TakeItApp.swift in Sources */ = {isa = PBXBuildFile; fileRef = C0AAB9952A5C3B7700359F06 /* TakeItApp.swift */; };
		C0AAB99A2A5C3B7800359F06 /* Assets.xcassets in Resources */ = {isa = PBXBuildFile; fileRef = C0AAB9992A5C3B7800359F06 /* Assets.xcassets */; };
		C0AAB99D2A5C3B7800359F06 /* Preview Assets.xcassets in Resources */ = {isa = PBXBuildFile; fileRef = C0AAB99C2A5C3B7800359F06 /* Preview Assets.xcassets */; };
		C0AAB9A72A5C3B7900359F06 /* TakeItTests.swift in Sources */ = {isa = PBXBuildFile; fileRef = C0AAB9A62A5C3B7900359F06 /* TakeItTests.swift */; };
		C0AAB9B12A5C3B7900359F06 /* TakeItUITests.swift in Sources */ = {isa = PBXBuildFile; fileRef = C0AAB9B02A5C3B7900359F06 /* TakeItUITests.swift */; };
		C0AAB9B32A5C3B7900359F06 /* TakeItUITestsLaunchTests.swift in Sources */ = {isa = PBXBuildFile; fileRef = C0AAB9B22A5C3B7900359F06 /* TakeItUITestsLaunchTests.swift */; };
		C0AAB9C12A5C431500359F06 /* Realm in Frameworks */ = {isa = PBXBuildFile; productRef = C0AAB9C02A5C431500359F06 /* Realm */; };
		C0AAB9C32A5C431500359F06 /* RealmSwift in Frameworks */ = {isa = PBXBuildFile; productRef = C0AAB9C22A5C431500359F06 /* RealmSwift */; };
		C0AAB9C62A5C608400359F06 /* Realm in Frameworks */ = {isa = PBXBuildFile; productRef = C0AAB9C52A5C608400359F06 /* Realm */; };
		C0AAB9C82A5C608700359F06 /* RealmSwift in Frameworks */ = {isa = PBXBuildFile; productRef = C0AAB9C72A5C608700359F06 /* RealmSwift */; };
		C0AAB9CB2A5C611F00359F06 /* Post.swift in Sources */ = {isa = PBXBuildFile; fileRef = C0AAB9CA2A5C611F00359F06 /* Post.swift */; };
		C0AAB9CD2A5C614200359F06 /* User.swift in Sources */ = {isa = PBXBuildFile; fileRef = C0AAB9CC2A5C614200359F06 /* User.swift */; };
		C0AAB9CF2A5C614A00359F06 /* Comment.swift in Sources */ = {isa = PBXBuildFile; fileRef = C0AAB9CE2A5C614A00359F06 /* Comment.swift */; };
		C0AAB9D42A5C64C800359F06 /* TabBar.swift in Sources */ = {isa = PBXBuildFile; fileRef = C0AAB9D32A5C64C800359F06 /* TabBar.swift */; };
		C0AAB9D62A5C64EF00359F06 /* TabBarView.swift in Sources */ = {isa = PBXBuildFile; fileRef = C0AAB9D52A5C64EF00359F06 /* TabBarView.swift */; };
		C0AAB9D82A5C652100359F06 /* MainView.swift in Sources */ = {isa = PBXBuildFile; fileRef = C0AAB9D72A5C652100359F06 /* MainView.swift */; };
		C0AAB9DC2A5C6AB200359F06 /* Network.swift in Sources */ = {isa = PBXBuildFile; fileRef = C0AAB9DB2A5C6AB200359F06 /* Network.swift */; };
		C0AAB9DE2A5C6AE000359F06 /* NetworkEndpoint.swift in Sources */ = {isa = PBXBuildFile; fileRef = C0AAB9DD2A5C6AE000359F06 /* NetworkEndpoint.swift */; };
		C0AAB9E12A5C6C6D00359F06 /* URLProtocolMock.swift in Sources */ = {isa = PBXBuildFile; fileRef = C0AAB9E02A5C6C6D00359F06 /* URLProtocolMock.swift */; };
		C0AAB9E52A5C6E3400359F06 /* TakeItNetworkTests.swift in Sources */ = {isa = PBXBuildFile; fileRef = C0AAB9E42A5C6E3400359F06 /* TakeItNetworkTests.swift */; };
		C0AAB9E82A5C954600359F06 /* Database.swift in Sources */ = {isa = PBXBuildFile; fileRef = C0AAB9E72A5C954600359F06 /* Database.swift */; };
		C0AAB9EA2A5C9DBF00359F06 /* UserViewModel.swift in Sources */ = {isa = PBXBuildFile; fileRef = C0AAB9E92A5C9DBF00359F06 /* UserViewModel.swift */; };
		C0AAB9EE2A5CDF0E00359F06 /* UsersView.swift in Sources */ = {isa = PBXBuildFile; fileRef = C0AAB9ED2A5CDF0E00359F06 /* UsersView.swift */; };
		C0AAB9F02A5CDF1900359F06 /* UserView.swift in Sources */ = {isa = PBXBuildFile; fileRef = C0AAB9EF2A5CDF1900359F06 /* UserView.swift */; };
		C0AAB9F22A5DC8EB00359F06 /* UserDetailView.swift in Sources */ = {isa = PBXBuildFile; fileRef = C0AAB9F12A5DC8EB00359F06 /* UserDetailView.swift */; };
		C0AAB9F42A5DCAE600359F06 /* UserPostsView.swift in Sources */ = {isa = PBXBuildFile; fileRef = C0AAB9F32A5DCAE600359F06 /* UserPostsView.swift */; };
		C0AAB9F62A5DCF9E00359F06 /* UserPostView.swift in Sources */ = {isa = PBXBuildFile; fileRef = C0AAB9F52A5DCF9E00359F06 /* UserPostView.swift */; };
		C0AAB9F82A5DD5C700359F06 /* UserCommentsView.swift in Sources */ = {isa = PBXBuildFile; fileRef = C0AAB9F72A5DD5C700359F06 /* UserCommentsView.swift */; };
		C0AAB9FA2A5DE1E400359F06 /* UserCommentView.swift in Sources */ = {isa = PBXBuildFile; fileRef = C0AAB9F92A5DE1E400359F06 /* UserCommentView.swift */; };
		C0AAB9FC2A5DE3F900359F06 /* UserCommentDetails.swift in Sources */ = {isa = PBXBuildFile; fileRef = C0AAB9FB2A5DE3F900359F06 /* UserCommentDetails.swift */; };
/* End PBXBuildFile section */

/* Begin PBXContainerItemProxy section */
		C0AAB9A32A5C3B7800359F06 /* PBXContainerItemProxy */ = {
			isa = PBXContainerItemProxy;
			containerPortal = C0AAB98A2A5C3B7700359F06 /* Project object */;
			proxyType = 1;
			remoteGlobalIDString = C0AAB9912A5C3B7700359F06;
			remoteInfo = TakeIt;
		};
		C0AAB9AD2A5C3B7900359F06 /* PBXContainerItemProxy */ = {
			isa = PBXContainerItemProxy;
			containerPortal = C0AAB98A2A5C3B7700359F06 /* Project object */;
			proxyType = 1;
			remoteGlobalIDString = C0AAB9912A5C3B7700359F06;
			remoteInfo = TakeIt;
		};
/* End PBXContainerItemProxy section */

/* Begin PBXFileReference section */
		C0AAB9922A5C3B7700359F06 /* TakeIt.app */ = {isa = PBXFileReference; explicitFileType = wrapper.application; includeInIndex = 0; path = TakeIt.app; sourceTree = BUILT_PRODUCTS_DIR; };
		C0AAB9952A5C3B7700359F06 /* TakeItApp.swift */ = {isa = PBXFileReference; lastKnownFileType = sourcecode.swift; path = TakeItApp.swift; sourceTree = "<group>"; };
		C0AAB9992A5C3B7800359F06 /* Assets.xcassets */ = {isa = PBXFileReference; lastKnownFileType = folder.assetcatalog; path = Assets.xcassets; sourceTree = "<group>"; };
		C0AAB99C2A5C3B7800359F06 /* Preview Assets.xcassets */ = {isa = PBXFileReference; lastKnownFileType = folder.assetcatalog; path = "Preview Assets.xcassets"; sourceTree = "<group>"; };
		C0AAB9A22A5C3B7800359F06 /* TakeItTests.xctest */ = {isa = PBXFileReference; explicitFileType = wrapper.cfbundle; includeInIndex = 0; path = TakeItTests.xctest; sourceTree = BUILT_PRODUCTS_DIR; };
		C0AAB9A62A5C3B7900359F06 /* TakeItTests.swift */ = {isa = PBXFileReference; lastKnownFileType = sourcecode.swift; path = TakeItTests.swift; sourceTree = "<group>"; };
		C0AAB9AC2A5C3B7900359F06 /* TakeItUITests.xctest */ = {isa = PBXFileReference; explicitFileType = wrapper.cfbundle; includeInIndex = 0; path = TakeItUITests.xctest; sourceTree = BUILT_PRODUCTS_DIR; };
		C0AAB9B02A5C3B7900359F06 /* TakeItUITests.swift */ = {isa = PBXFileReference; lastKnownFileType = sourcecode.swift; path = TakeItUITests.swift; sourceTree = "<group>"; };
		C0AAB9B22A5C3B7900359F06 /* TakeItUITestsLaunchTests.swift */ = {isa = PBXFileReference; lastKnownFileType = sourcecode.swift; path = TakeItUITestsLaunchTests.swift; sourceTree = "<group>"; };
		C0AAB9CA2A5C611F00359F06 /* Post.swift */ = {isa = PBXFileReference; lastKnownFileType = sourcecode.swift; path = Post.swift; sourceTree = "<group>"; };
		C0AAB9CC2A5C614200359F06 /* User.swift */ = {isa = PBXFileReference; lastKnownFileType = sourcecode.swift; path = User.swift; sourceTree = "<group>"; };
		C0AAB9CE2A5C614A00359F06 /* Comment.swift */ = {isa = PBXFileReference; lastKnownFileType = sourcecode.swift; path = Comment.swift; sourceTree = "<group>"; };
		C0AAB9D32A5C64C800359F06 /* TabBar.swift */ = {isa = PBXFileReference; lastKnownFileType = sourcecode.swift; path = TabBar.swift; sourceTree = "<group>"; };
		C0AAB9D52A5C64EF00359F06 /* TabBarView.swift */ = {isa = PBXFileReference; lastKnownFileType = sourcecode.swift; path = TabBarView.swift; sourceTree = "<group>"; };
		C0AAB9D72A5C652100359F06 /* MainView.swift */ = {isa = PBXFileReference; lastKnownFileType = sourcecode.swift; path = MainView.swift; sourceTree = "<group>"; };
		C0AAB9DB2A5C6AB200359F06 /* Network.swift */ = {isa = PBXFileReference; lastKnownFileType = sourcecode.swift; path = Network.swift; sourceTree = "<group>"; };
		C0AAB9DD2A5C6AE000359F06 /* NetworkEndpoint.swift */ = {isa = PBXFileReference; lastKnownFileType = sourcecode.swift; path = NetworkEndpoint.swift; sourceTree = "<group>"; };
		C0AAB9E02A5C6C6D00359F06 /* URLProtocolMock.swift */ = {isa = PBXFileReference; lastKnownFileType = sourcecode.swift; path = URLProtocolMock.swift; sourceTree = "<group>"; };
		C0AAB9E42A5C6E3400359F06 /* TakeItNetworkTests.swift */ = {isa = PBXFileReference; lastKnownFileType = sourcecode.swift; path = TakeItNetworkTests.swift; sourceTree = "<group>"; };
		C0AAB9E72A5C954600359F06 /* Database.swift */ = {isa = PBXFileReference; lastKnownFileType = sourcecode.swift; path = Database.swift; sourceTree = "<group>"; };
		C0AAB9E92A5C9DBF00359F06 /* UserViewModel.swift */ = {isa = PBXFileReference; lastKnownFileType = sourcecode.swift; path = UserViewModel.swift; sourceTree = "<group>"; };
		C0AAB9ED2A5CDF0E00359F06 /* UsersView.swift */ = {isa = PBXFileReference; lastKnownFileType = sourcecode.swift; path = UsersView.swift; sourceTree = "<group>"; };
		C0AAB9EF2A5CDF1900359F06 /* UserView.swift */ = {isa = PBXFileReference; lastKnownFileType = sourcecode.swift; path = UserView.swift; sourceTree = "<group>"; };
		C0AAB9F12A5DC8EB00359F06 /* UserDetailView.swift */ = {isa = PBXFileReference; lastKnownFileType = sourcecode.swift; path = UserDetailView.swift; sourceTree = "<group>"; };
		C0AAB9F32A5DCAE600359F06 /* UserPostsView.swift */ = {isa = PBXFileReference; lastKnownFileType = sourcecode.swift; path = UserPostsView.swift; sourceTree = "<group>"; };
		C0AAB9F52A5DCF9E00359F06 /* UserPostView.swift */ = {isa = PBXFileReference; lastKnownFileType = sourcecode.swift; path = UserPostView.swift; sourceTree = "<group>"; };
		C0AAB9F72A5DD5C700359F06 /* UserCommentsView.swift */ = {isa = PBXFileReference; lastKnownFileType = sourcecode.swift; path = UserCommentsView.swift; sourceTree = "<group>"; };
		C0AAB9F92A5DE1E400359F06 /* UserCommentView.swift */ = {isa = PBXFileReference; lastKnownFileType = sourcecode.swift; path = UserCommentView.swift; sourceTree = "<group>"; };
		C0AAB9FB2A5DE3F900359F06 /* UserCommentDetails.swift */ = {isa = PBXFileReference; lastKnownFileType = sourcecode.swift; path = UserCommentDetails.swift; sourceTree = "<group>"; };
/* End PBXFileReference section */

/* Begin PBXFrameworksBuildPhase section */
		C0AAB98F2A5C3B7700359F06 /* Frameworks */ = {
			isa = PBXFrameworksBuildPhase;
			buildActionMask = 2147483647;
			files = (
				C0AAB9C32A5C431500359F06 /* RealmSwift in Frameworks */,
				C0AAB9C12A5C431500359F06 /* Realm in Frameworks */,
			);
			runOnlyForDeploymentPostprocessing = 0;
		};
		C0AAB99F2A5C3B7800359F06 /* Frameworks */ = {
			isa = PBXFrameworksBuildPhase;
			buildActionMask = 2147483647;
			files = (
				C0AAB9C82A5C608700359F06 /* RealmSwift in Frameworks */,
				C0AAB9C62A5C608400359F06 /* Realm in Frameworks */,
			);
			runOnlyForDeploymentPostprocessing = 0;
		};
		C0AAB9A92A5C3B7900359F06 /* Frameworks */ = {
			isa = PBXFrameworksBuildPhase;
			buildActionMask = 2147483647;
			files = (
			);
			runOnlyForDeploymentPostprocessing = 0;
		};
/* End PBXFrameworksBuildPhase section */

/* Begin PBXGroup section */
		C0AAB9892A5C3B7700359F06 = {
			isa = PBXGroup;
			children = (
				C0AAB9942A5C3B7700359F06 /* TakeIt */,
				C0AAB9A52A5C3B7800359F06 /* TakeItTests */,
				C0AAB9AF2A5C3B7900359F06 /* TakeItUITests */,
				C0AAB9932A5C3B7700359F06 /* Products */,
				C0AAB9C42A5C608400359F06 /* Frameworks */,
			);
			sourceTree = "<group>";
		};
		C0AAB9932A5C3B7700359F06 /* Products */ = {
			isa = PBXGroup;
			children = (
				C0AAB9922A5C3B7700359F06 /* TakeIt.app */,
				C0AAB9A22A5C3B7800359F06 /* TakeItTests.xctest */,
				C0AAB9AC2A5C3B7900359F06 /* TakeItUITests.xctest */,
			);
			name = Products;
			sourceTree = "<group>";
		};
		C0AAB9942A5C3B7700359F06 /* TakeIt */ = {
			isa = PBXGroup;
			children = (
				C0AAB9D02A5C615000359F06 /* Data */,
				C0AAB9D12A5C615900359F06 /* UI */,
				C0AAB9992A5C3B7800359F06 /* Assets.xcassets */,
				C0AAB99B2A5C3B7800359F06 /* Preview Content */,
			);
			path = TakeIt;
			sourceTree = "<group>";
		};
		C0AAB99B2A5C3B7800359F06 /* Preview Content */ = {
			isa = PBXGroup;
			children = (
				C0AAB99C2A5C3B7800359F06 /* Preview Assets.xcassets */,
			);
			path = "Preview Content";
			sourceTree = "<group>";
		};
		C0AAB9A52A5C3B7800359F06 /* TakeItTests */ = {
			isa = PBXGroup;
			children = (
				C0AAB9A62A5C3B7900359F06 /* TakeItTests.swift */,
				C0AAB9E42A5C6E3400359F06 /* TakeItNetworkTests.swift */,
				C0AAB9E02A5C6C6D00359F06 /* URLProtocolMock.swift */,
			);
			path = TakeItTests;
			sourceTree = "<group>";
		};
		C0AAB9AF2A5C3B7900359F06 /* TakeItUITests */ = {
			isa = PBXGroup;
			children = (
				C0AAB9B02A5C3B7900359F06 /* TakeItUITests.swift */,
				C0AAB9B22A5C3B7900359F06 /* TakeItUITestsLaunchTests.swift */,
			);
			path = TakeItUITests;
			sourceTree = "<group>";
		};
		C0AAB9C42A5C608400359F06 /* Frameworks */ = {
			isa = PBXGroup;
			children = (
			);
			name = Frameworks;
			sourceTree = "<group>";
		};
		C0AAB9C92A5C610600359F06 /* Models */ = {
			isa = PBXGroup;
			children = (
				C0AAB9CA2A5C611F00359F06 /* Post.swift */,
				C0AAB9CC2A5C614200359F06 /* User.swift */,
				C0AAB9CE2A5C614A00359F06 /* Comment.swift */,
			);
			path = Models;
			sourceTree = "<group>";
		};
		C0AAB9D02A5C615000359F06 /* Data */ = {
			isa = PBXGroup;
			children = (
				C0AAB9DF2A5C6B0E00359F06 /* Network */,
				C0AAB9C92A5C610600359F06 /* Models */,
				C0AAB9E72A5C954600359F06 /* Database.swift */,
				C0AAB9E92A5C9DBF00359F06 /* UserViewModel.swift */,
			);
			path = Data;
			sourceTree = "<group>";
		};
		C0AAB9D12A5C615900359F06 /* UI */ = {
			isa = PBXGroup;
			children = (
				C0AAB9EB2A5CDEF200359F06 /* Views */,
				C0AAB9D22A5C64B700359F06 /* TabBar */,
				C0AAB9952A5C3B7700359F06 /* TakeItApp.swift */,
			);
			path = UI;
			sourceTree = "<group>";
		};
		C0AAB9D22A5C64B700359F06 /* TabBar */ = {
			isa = PBXGroup;
			children = (
				C0AAB9D32A5C64C800359F06 /* TabBar.swift */,
				C0AAB9D52A5C64EF00359F06 /* TabBarView.swift */,
			);
			path = TabBar;
			sourceTree = "<group>";
		};
		C0AAB9DF2A5C6B0E00359F06 /* Network */ = {
			isa = PBXGroup;
			children = (
				C0AAB9DB2A5C6AB200359F06 /* Network.swift */,
				C0AAB9DD2A5C6AE000359F06 /* NetworkEndpoint.swift */,
			);
			path = Network;
			sourceTree = "<group>";
		};
		C0AAB9EB2A5CDEF200359F06 /* Views */ = {
			isa = PBXGroup;
			children = (
				C0AAB9FE2A5DF8D000359F06 /* Comments */,
				C0AAB9FD2A5DF8CA00359F06 /* Posts */,
				C0AAB9EC2A5CDEFE00359F06 /* Users */,
				C0AAB9D72A5C652100359F06 /* MainView.swift */,
			);
			path = Views;
			sourceTree = "<group>";
		};
		C0AAB9EC2A5CDEFE00359F06 /* Users */ = {
			isa = PBXGroup;
			children = (
				C0AAB9ED2A5CDF0E00359F06 /* UsersView.swift */,
				C0AAB9EF2A5CDF1900359F06 /* UserView.swift */,
				C0AAB9F12A5DC8EB00359F06 /* UserDetailView.swift */,
			);
			path = Users;
			sourceTree = "<group>";
		};
		C0AAB9FD2A5DF8CA00359F06 /* Posts */ = {
			isa = PBXGroup;
			children = (
				C0AAB9F32A5DCAE600359F06 /* UserPostsView.swift */,
				C0AAB9F52A5DCF9E00359F06 /* UserPostView.swift */,
			);
			path = Posts;
			sourceTree = "<group>";
		};
		C0AAB9FE2A5DF8D000359F06 /* Comments */ = {
			isa = PBXGroup;
			children = (
				C0AAB9F72A5DD5C700359F06 /* UserCommentsView.swift */,
				C0AAB9FB2A5DE3F900359F06 /* UserCommentDetails.swift */,
				C0AAB9F92A5DE1E400359F06 /* UserCommentView.swift */,
			);
			path = Comments;
			sourceTree = "<group>";
		};
/* End PBXGroup section */

/* Begin PBXNativeTarget section */
		C0AAB9912A5C3B7700359F06 /* TakeIt */ = {
			isa = PBXNativeTarget;
			buildConfigurationList = C0AAB9B62A5C3B7900359F06 /* Build configuration list for PBXNativeTarget "TakeIt" */;
			buildPhases = (
				C0AAB98E2A5C3B7700359F06 /* Sources */,
				C0AAB98F2A5C3B7700359F06 /* Frameworks */,
				C0AAB9902A5C3B7700359F06 /* Resources */,
			);
			buildRules = (
			);
			dependencies = (
			);
			name = TakeIt;
			packageProductDependencies = (
				C0AAB9C02A5C431500359F06 /* Realm */,
				C0AAB9C22A5C431500359F06 /* RealmSwift */,
			);
			productName = TakeIt;
			productReference = C0AAB9922A5C3B7700359F06 /* TakeIt.app */;
			productType = "com.apple.product-type.application";
		};
		C0AAB9A12A5C3B7800359F06 /* TakeItTests */ = {
			isa = PBXNativeTarget;
			buildConfigurationList = C0AAB9B92A5C3B7900359F06 /* Build configuration list for PBXNativeTarget "TakeItTests" */;
			buildPhases = (
				C0AAB99E2A5C3B7800359F06 /* Sources */,
				C0AAB99F2A5C3B7800359F06 /* Frameworks */,
				C0AAB9A02A5C3B7800359F06 /* Resources */,
			);
			buildRules = (
			);
			dependencies = (
				C0AAB9A42A5C3B7800359F06 /* PBXTargetDependency */,
			);
			name = TakeItTests;
			packageProductDependencies = (
				C0AAB9C52A5C608400359F06 /* Realm */,
				C0AAB9C72A5C608700359F06 /* RealmSwift */,
			);
			productName = TakeItTests;
			productReference = C0AAB9A22A5C3B7800359F06 /* TakeItTests.xctest */;
			productType = "com.apple.product-type.bundle.unit-test";
		};
		C0AAB9AB2A5C3B7900359F06 /* TakeItUITests */ = {
			isa = PBXNativeTarget;
			buildConfigurationList = C0AAB9BC2A5C3B7900359F06 /* Build configuration list for PBXNativeTarget "TakeItUITests" */;
			buildPhases = (
				C0AAB9A82A5C3B7900359F06 /* Sources */,
				C0AAB9A92A5C3B7900359F06 /* Frameworks */,
				C0AAB9AA2A5C3B7900359F06 /* Resources */,
			);
			buildRules = (
			);
			dependencies = (
				C0AAB9AE2A5C3B7900359F06 /* PBXTargetDependency */,
			);
			name = TakeItUITests;
			productName = TakeItUITests;
			productReference = C0AAB9AC2A5C3B7900359F06 /* TakeItUITests.xctest */;
			productType = "com.apple.product-type.bundle.ui-testing";
		};
/* End PBXNativeTarget section */

/* Begin PBXProject section */
		C0AAB98A2A5C3B7700359F06 /* Project object */ = {
			isa = PBXProject;
			attributes = {
				BuildIndependentTargetsInParallel = 1;
				LastSwiftUpdateCheck = 1430;
				LastUpgradeCheck = 1430;
				TargetAttributes = {
					C0AAB9912A5C3B7700359F06 = {
						CreatedOnToolsVersion = 14.3.1;
					};
					C0AAB9A12A5C3B7800359F06 = {
						CreatedOnToolsVersion = 14.3.1;
						TestTargetID = C0AAB9912A5C3B7700359F06;
					};
					C0AAB9AB2A5C3B7900359F06 = {
						CreatedOnToolsVersion = 14.3.1;
						TestTargetID = C0AAB9912A5C3B7700359F06;
					};
				};
			};
			buildConfigurationList = C0AAB98D2A5C3B7700359F06 /* Build configuration list for PBXProject "TakeIt" */;
			compatibilityVersion = "Xcode 14.0";
			developmentRegion = en;
			hasScannedForEncodings = 0;
			knownRegions = (
				en,
				Base,
			);
			mainGroup = C0AAB9892A5C3B7700359F06;
			packageReferences = (
				C0AAB9BF2A5C431500359F06 /* XCRemoteSwiftPackageReference "realm-swift" */,
			);
			productRefGroup = C0AAB9932A5C3B7700359F06 /* Products */;
			projectDirPath = "";
			projectRoot = "";
			targets = (
				C0AAB9912A5C3B7700359F06 /* TakeIt */,
				C0AAB9A12A5C3B7800359F06 /* TakeItTests */,
				C0AAB9AB2A5C3B7900359F06 /* TakeItUITests */,
			);
		};
/* End PBXProject section */

/* Begin PBXResourcesBuildPhase section */
		C0AAB9902A5C3B7700359F06 /* Resources */ = {
			isa = PBXResourcesBuildPhase;
			buildActionMask = 2147483647;
			files = (
				C0AAB99D2A5C3B7800359F06 /* Preview Assets.xcassets in Resources */,
				C0AAB99A2A5C3B7800359F06 /* Assets.xcassets in Resources */,
			);
			runOnlyForDeploymentPostprocessing = 0;
		};
		C0AAB9A02A5C3B7800359F06 /* Resources */ = {
			isa = PBXResourcesBuildPhase;
			buildActionMask = 2147483647;
			files = (
			);
			runOnlyForDeploymentPostprocessing = 0;
		};
		C0AAB9AA2A5C3B7900359F06 /* Resources */ = {
			isa = PBXResourcesBuildPhase;
			buildActionMask = 2147483647;
			files = (
			);
			runOnlyForDeploymentPostprocessing = 0;
		};
/* End PBXResourcesBuildPhase section */

/* Begin PBXSourcesBuildPhase section */
		C0AAB98E2A5C3B7700359F06 /* Sources */ = {
			isa = PBXSourcesBuildPhase;
			buildActionMask = 2147483647;
			files = (
				C0AAB9F22A5DC8EB00359F06 /* UserDetailView.swift in Sources */,
				C0AAB9F02A5CDF1900359F06 /* UserView.swift in Sources */,
				C0AAB9CF2A5C614A00359F06 /* Comment.swift in Sources */,
				C0AAB9EA2A5C9DBF00359F06 /* UserViewModel.swift in Sources */,
				C0AAB9E82A5C954600359F06 /* Database.swift in Sources */,
				C0AAB9D82A5C652100359F06 /* MainView.swift in Sources */,
				C0AAB9CD2A5C614200359F06 /* User.swift in Sources */,
				C0AAB9FA2A5DE1E400359F06 /* UserCommentView.swift in Sources */,
				C0AAB9D62A5C64EF00359F06 /* TabBarView.swift in Sources */,
				C0AAB9DC2A5C6AB200359F06 /* Network.swift in Sources */,
				C0AAB9CB2A5C611F00359F06 /* Post.swift in Sources */,
				C0AAB9EE2A5CDF0E00359F06 /* UsersView.swift in Sources */,
				C0AAB9D42A5C64C800359F06 /* TabBar.swift in Sources */,
				C0AAB9F82A5DD5C700359F06 /* UserCommentsView.swift in Sources */,
				C0AAB9FC2A5DE3F900359F06 /* UserCommentDetails.swift in Sources */,
				C0AAB9962A5C3B7700359F06 /* TakeItApp.swift in Sources */,
				C0AAB9F62A5DCF9E00359F06 /* UserPostView.swift in Sources */,
				C0AAB9DE2A5C6AE000359F06 /* NetworkEndpoint.swift in Sources */,
				C0AAB9F42A5DCAE600359F06 /* UserPostsView.swift in Sources */,
			);
			runOnlyForDeploymentPostprocessing = 0;
		};
		C0AAB99E2A5C3B7800359F06 /* Sources */ = {
			isa = PBXSourcesBuildPhase;
			buildActionMask = 2147483647;
			files = (
				C0AAB9A72A5C3B7900359F06 /* TakeItTests.swift in Sources */,
				C0AAB9E52A5C6E3400359F06 /* TakeItNetworkTests.swift in Sources */,
				C0AAB9E12A5C6C6D00359F06 /* URLProtocolMock.swift in Sources */,
			);
			runOnlyForDeploymentPostprocessing = 0;
		};
		C0AAB9A82A5C3B7900359F06 /* Sources */ = {
			isa = PBXSourcesBuildPhase;
			buildActionMask = 2147483647;
			files = (
				C0AAB9B32A5C3B7900359F06 /* TakeItUITestsLaunchTests.swift in Sources */,
				C0AAB9B12A5C3B7900359F06 /* TakeItUITests.swift in Sources */,
			);
			runOnlyForDeploymentPostprocessing = 0;
		};
/* End PBXSourcesBuildPhase section */

/* Begin PBXTargetDependency section */
		C0AAB9A42A5C3B7800359F06 /* PBXTargetDependency */ = {
			isa = PBXTargetDependency;
			target = C0AAB9912A5C3B7700359F06 /* TakeIt */;
			targetProxy = C0AAB9A32A5C3B7800359F06 /* PBXContainerItemProxy */;
		};
		C0AAB9AE2A5C3B7900359F06 /* PBXTargetDependency */ = {
			isa = PBXTargetDependency;
			target = C0AAB9912A5C3B7700359F06 /* TakeIt */;
			targetProxy = C0AAB9AD2A5C3B7900359F06 /* PBXContainerItemProxy */;
		};
/* End PBXTargetDependency section */

/* Begin XCBuildConfiguration section */
		C0AAB9B42A5C3B7900359F06 /* Debug */ = {
			isa = XCBuildConfiguration;
			buildSettings = {
				ALWAYS_SEARCH_USER_PATHS = NO;
				CLANG_ANALYZER_NONNULL = YES;
				CLANG_ANALYZER_NUMBER_OBJECT_CONVERSION = YES_AGGRESSIVE;
				CLANG_CXX_LANGUAGE_STANDARD = "gnu++20";
				CLANG_ENABLE_MODULES = YES;
				CLANG_ENABLE_OBJC_ARC = YES;
				CLANG_ENABLE_OBJC_WEAK = YES;
				CLANG_WARN_BLOCK_CAPTURE_AUTORELEASING = YES;
				CLANG_WARN_BOOL_CONVERSION = YES;
				CLANG_WARN_COMMA = YES;
				CLANG_WARN_CONSTANT_CONVERSION = YES;
				CLANG_WARN_DEPRECATED_OBJC_IMPLEMENTATIONS = YES;
				CLANG_WARN_DIRECT_OBJC_ISA_USAGE = YES_ERROR;
				CLANG_WARN_DOCUMENTATION_COMMENTS = YES;
				CLANG_WARN_EMPTY_BODY = YES;
				CLANG_WARN_ENUM_CONVERSION = YES;
				CLANG_WARN_INFINITE_RECURSION = YES;
				CLANG_WARN_INT_CONVERSION = YES;
				CLANG_WARN_NON_LITERAL_NULL_CONVERSION = YES;
				CLANG_WARN_OBJC_IMPLICIT_RETAIN_SELF = YES;
				CLANG_WARN_OBJC_LITERAL_CONVERSION = YES;
				CLANG_WARN_OBJC_ROOT_CLASS = YES_ERROR;
				CLANG_WARN_QUOTED_INCLUDE_IN_FRAMEWORK_HEADER = YES;
				CLANG_WARN_RANGE_LOOP_ANALYSIS = YES;
				CLANG_WARN_STRICT_PROTOTYPES = YES;
				CLANG_WARN_SUSPICIOUS_MOVE = YES;
				CLANG_WARN_UNGUARDED_AVAILABILITY = YES_AGGRESSIVE;
				CLANG_WARN_UNREACHABLE_CODE = YES;
				CLANG_WARN__DUPLICATE_METHOD_MATCH = YES;
				COPY_PHASE_STRIP = NO;
				DEBUG_INFORMATION_FORMAT = dwarf;
				ENABLE_STRICT_OBJC_MSGSEND = YES;
				ENABLE_TESTABILITY = YES;
				GCC_C_LANGUAGE_STANDARD = gnu11;
				GCC_DYNAMIC_NO_PIC = NO;
				GCC_NO_COMMON_BLOCKS = YES;
				GCC_OPTIMIZATION_LEVEL = 0;
				GCC_PREPROCESSOR_DEFINITIONS = (
					"DEBUG=1",
					"$(inherited)",
				);
				GCC_WARN_64_TO_32_BIT_CONVERSION = YES;
				GCC_WARN_ABOUT_RETURN_TYPE = YES_ERROR;
				GCC_WARN_UNDECLARED_SELECTOR = YES;
				GCC_WARN_UNINITIALIZED_AUTOS = YES_AGGRESSIVE;
				GCC_WARN_UNUSED_FUNCTION = YES;
				GCC_WARN_UNUSED_VARIABLE = YES;
				IPHONEOS_DEPLOYMENT_TARGET = 16.4;
				MTL_ENABLE_DEBUG_INFO = INCLUDE_SOURCE;
				MTL_FAST_MATH = YES;
				ONLY_ACTIVE_ARCH = YES;
				SDKROOT = iphoneos;
				SWIFT_ACTIVE_COMPILATION_CONDITIONS = DEBUG;
				SWIFT_OPTIMIZATION_LEVEL = "-Onone";
			};
			name = Debug;
		};
		C0AAB9B52A5C3B7900359F06 /* Release */ = {
			isa = XCBuildConfiguration;
			buildSettings = {
				ALWAYS_SEARCH_USER_PATHS = NO;
				CLANG_ANALYZER_NONNULL = YES;
				CLANG_ANALYZER_NUMBER_OBJECT_CONVERSION = YES_AGGRESSIVE;
				CLANG_CXX_LANGUAGE_STANDARD = "gnu++20";
				CLANG_ENABLE_MODULES = YES;
				CLANG_ENABLE_OBJC_ARC = YES;
				CLANG_ENABLE_OBJC_WEAK = YES;
				CLANG_WARN_BLOCK_CAPTURE_AUTORELEASING = YES;
				CLANG_WARN_BOOL_CONVERSION = YES;
				CLANG_WARN_COMMA = YES;
				CLANG_WARN_CONSTANT_CONVERSION = YES;
				CLANG_WARN_DEPRECATED_OBJC_IMPLEMENTATIONS = YES;
				CLANG_WARN_DIRECT_OBJC_ISA_USAGE = YES_ERROR;
				CLANG_WARN_DOCUMENTATION_COMMENTS = YES;
				CLANG_WARN_EMPTY_BODY = YES;
				CLANG_WARN_ENUM_CONVERSION = YES;
				CLANG_WARN_INFINITE_RECURSION = YES;
				CLANG_WARN_INT_CONVERSION = YES;
				CLANG_WARN_NON_LITERAL_NULL_CONVERSION = YES;
				CLANG_WARN_OBJC_IMPLICIT_RETAIN_SELF = YES;
				CLANG_WARN_OBJC_LITERAL_CONVERSION = YES;
				CLANG_WARN_OBJC_ROOT_CLASS = YES_ERROR;
				CLANG_WARN_QUOTED_INCLUDE_IN_FRAMEWORK_HEADER = YES;
				CLANG_WARN_RANGE_LOOP_ANALYSIS = YES;
				CLANG_WARN_STRICT_PROTOTYPES = YES;
				CLANG_WARN_SUSPICIOUS_MOVE = YES;
				CLANG_WARN_UNGUARDED_AVAILABILITY = YES_AGGRESSIVE;
				CLANG_WARN_UNREACHABLE_CODE = YES;
				CLANG_WARN__DUPLICATE_METHOD_MATCH = YES;
				COPY_PHASE_STRIP = NO;
				DEBUG_INFORMATION_FORMAT = "dwarf-with-dsym";
				ENABLE_NS_ASSERTIONS = NO;
				ENABLE_STRICT_OBJC_MSGSEND = YES;
				GCC_C_LANGUAGE_STANDARD = gnu11;
				GCC_NO_COMMON_BLOCKS = YES;
				GCC_WARN_64_TO_32_BIT_CONVERSION = YES;
				GCC_WARN_ABOUT_RETURN_TYPE = YES_ERROR;
				GCC_WARN_UNDECLARED_SELECTOR = YES;
				GCC_WARN_UNINITIALIZED_AUTOS = YES_AGGRESSIVE;
				GCC_WARN_UNUSED_FUNCTION = YES;
				GCC_WARN_UNUSED_VARIABLE = YES;
				IPHONEOS_DEPLOYMENT_TARGET = 16.4;
				MTL_ENABLE_DEBUG_INFO = NO;
				MTL_FAST_MATH = YES;
				SDKROOT = iphoneos;
				SWIFT_COMPILATION_MODE = wholemodule;
				SWIFT_OPTIMIZATION_LEVEL = "-O";
				VALIDATE_PRODUCT = YES;
			};
			name = Release;
		};
		C0AAB9B72A5C3B7900359F06 /* Debug */ = {
			isa = XCBuildConfiguration;
			buildSettings = {
				ASSETCATALOG_COMPILER_APPICON_NAME = AppIcon;
				ASSETCATALOG_COMPILER_GLOBAL_ACCENT_COLOR_NAME = AccentColor;
				CODE_SIGN_STYLE = Automatic;
				CURRENT_PROJECT_VERSION = 1;
				DEVELOPMENT_ASSET_PATHS = "\"TakeIt/Preview Content\"";
				DEVELOPMENT_TEAM = 5BJ626428V;
				ENABLE_PREVIEWS = YES;
				GENERATE_INFOPLIST_FILE = YES;
				INFOPLIST_KEY_UIApplicationSceneManifest_Generation = YES;
				INFOPLIST_KEY_UIApplicationSupportsIndirectInputEvents = YES;
				INFOPLIST_KEY_UILaunchScreen_Generation = YES;
				INFOPLIST_KEY_UISupportedInterfaceOrientations_iPad = "UIInterfaceOrientationPortrait UIInterfaceOrientationPortraitUpsideDown UIInterfaceOrientationLandscapeLeft UIInterfaceOrientationLandscapeRight";
				INFOPLIST_KEY_UISupportedInterfaceOrientations_iPhone = "UIInterfaceOrientationPortrait UIInterfaceOrientationLandscapeLeft UIInterfaceOrientationLandscapeRight";
				LD_RUNPATH_SEARCH_PATHS = (
					"$(inherited)",
					"@executable_path/Frameworks",
				);
				MARKETING_VERSION = 1.0;
				PRODUCT_BUNDLE_IDENTIFIER = com.sendIt.TakeIt;
				PRODUCT_NAME = "$(TARGET_NAME)";
				SWIFT_EMIT_LOC_STRINGS = YES;
				SWIFT_VERSION = 5.0;
				TARGETED_DEVICE_FAMILY = "1,2";
			};
			name = Debug;
		};
		C0AAB9B82A5C3B7900359F06 /* Release */ = {
			isa = XCBuildConfiguration;
			buildSettings = {
				ASSETCATALOG_COMPILER_APPICON_NAME = AppIcon;
				ASSETCATALOG_COMPILER_GLOBAL_ACCENT_COLOR_NAME = AccentColor;
				CODE_SIGN_STYLE = Automatic;
				CURRENT_PROJECT_VERSION = 1;
				DEVELOPMENT_ASSET_PATHS = "\"TakeIt/Preview Content\"";
				DEVELOPMENT_TEAM = 5BJ626428V;
				ENABLE_PREVIEWS = YES;
				GENERATE_INFOPLIST_FILE = YES;
				INFOPLIST_KEY_UIApplicationSceneManifest_Generation = YES;
				INFOPLIST_KEY_UIApplicationSupportsIndirectInputEvents = YES;
				INFOPLIST_KEY_UILaunchScreen_Generation = YES;
				INFOPLIST_KEY_UISupportedInterfaceOrientations_iPad = "UIInterfaceOrientationPortrait UIInterfaceOrientationPortraitUpsideDown UIInterfaceOrientationLandscapeLeft UIInterfaceOrientationLandscapeRight";
				INFOPLIST_KEY_UISupportedInterfaceOrientations_iPhone = "UIInterfaceOrientationPortrait UIInterfaceOrientationLandscapeLeft UIInterfaceOrientationLandscapeRight";
				LD_RUNPATH_SEARCH_PATHS = (
					"$(inherited)",
					"@executable_path/Frameworks",
				);
				MARKETING_VERSION = 1.0;
				PRODUCT_BUNDLE_IDENTIFIER = com.sendIt.TakeIt;
				PRODUCT_NAME = "$(TARGET_NAME)";
				SWIFT_EMIT_LOC_STRINGS = YES;
				SWIFT_VERSION = 5.0;
				TARGETED_DEVICE_FAMILY = "1,2";
			};
			name = Release;
		};
		C0AAB9BA2A5C3B7900359F06 /* Debug */ = {
			isa = XCBuildConfiguration;
			buildSettings = {
				ALWAYS_EMBED_SWIFT_STANDARD_LIBRARIES = YES;
				BUNDLE_LOADER = "$(TEST_HOST)";
				CODE_SIGN_STYLE = Automatic;
				CURRENT_PROJECT_VERSION = 1;
				DEVELOPMENT_TEAM = 5BJ626428V;
				GENERATE_INFOPLIST_FILE = YES;
				IPHONEOS_DEPLOYMENT_TARGET = 16.4;
				MARKETING_VERSION = 1.0;
				PRODUCT_BUNDLE_IDENTIFIER = com.sendIt.TakeItTests;
				PRODUCT_NAME = "$(TARGET_NAME)";
				SWIFT_EMIT_LOC_STRINGS = NO;
				SWIFT_VERSION = 5.0;
				TARGETED_DEVICE_FAMILY = "1,2";
				TEST_HOST = "$(BUILT_PRODUCTS_DIR)/TakeIt.app/$(BUNDLE_EXECUTABLE_FOLDER_PATH)/TakeIt";
			};
			name = Debug;
		};
		C0AAB9BB2A5C3B7900359F06 /* Release */ = {
			isa = XCBuildConfiguration;
			buildSettings = {
				ALWAYS_EMBED_SWIFT_STANDARD_LIBRARIES = YES;
				BUNDLE_LOADER = "$(TEST_HOST)";
				CODE_SIGN_STYLE = Automatic;
				CURRENT_PROJECT_VERSION = 1;
				DEVELOPMENT_TEAM = 5BJ626428V;
				GENERATE_INFOPLIST_FILE = YES;
				IPHONEOS_DEPLOYMENT_TARGET = 16.4;
				MARKETING_VERSION = 1.0;
				PRODUCT_BUNDLE_IDENTIFIER = com.sendIt.TakeItTests;
				PRODUCT_NAME = "$(TARGET_NAME)";
				SWIFT_EMIT_LOC_STRINGS = NO;
				SWIFT_VERSION = 5.0;
				TARGETED_DEVICE_FAMILY = "1,2";
				TEST_HOST = "$(BUILT_PRODUCTS_DIR)/TakeIt.app/$(BUNDLE_EXECUTABLE_FOLDER_PATH)/TakeIt";
			};
			name = Release;
		};
		C0AAB9BD2A5C3B7900359F06 /* Debug */ = {
			isa = XCBuildConfiguration;
			buildSettings = {
				ALWAYS_EMBED_SWIFT_STANDARD_LIBRARIES = YES;
				CODE_SIGN_STYLE = Automatic;
				CURRENT_PROJECT_VERSION = 1;
				DEVELOPMENT_TEAM = 5BJ626428V;
				GENERATE_INFOPLIST_FILE = YES;
				MARKETING_VERSION = 1.0;
				PRODUCT_BUNDLE_IDENTIFIER = com.sendIt.TakeItUITests;
				PRODUCT_NAME = "$(TARGET_NAME)";
				SWIFT_EMIT_LOC_STRINGS = NO;
				SWIFT_VERSION = 5.0;
				TARGETED_DEVICE_FAMILY = "1,2";
				TEST_TARGET_NAME = TakeIt;
			};
			name = Debug;
		};
		C0AAB9BE2A5C3B7900359F06 /* Release */ = {
			isa = XCBuildConfiguration;
			buildSettings = {
				ALWAYS_EMBED_SWIFT_STANDARD_LIBRARIES = YES;
				CODE_SIGN_STYLE = Automatic;
				CURRENT_PROJECT_VERSION = 1;
				DEVELOPMENT_TEAM = 5BJ626428V;
				GENERATE_INFOPLIST_FILE = YES;
				MARKETING_VERSION = 1.0;
				PRODUCT_BUNDLE_IDENTIFIER = com.sendIt.TakeItUITests;
				PRODUCT_NAME = "$(TARGET_NAME)";
				SWIFT_EMIT_LOC_STRINGS = NO;
				SWIFT_VERSION = 5.0;
				TARGETED_DEVICE_FAMILY = "1,2";
				TEST_TARGET_NAME = TakeIt;
			};
			name = Release;
		};
/* End XCBuildConfiguration section */

/* Begin XCConfigurationList section */
		C0AAB98D2A5C3B7700359F06 /* Build configuration list for PBXProject "TakeIt" */ = {
			isa = XCConfigurationList;
			buildConfigurations = (
				C0AAB9B42A5C3B7900359F06 /* Debug */,
				C0AAB9B52A5C3B7900359F06 /* Release */,
			);
			defaultConfigurationIsVisible = 0;
			defaultConfigurationName = Release;
		};
		C0AAB9B62A5C3B7900359F06 /* Build configuration list for PBXNativeTarget "TakeIt" */ = {
			isa = XCConfigurationList;
			buildConfigurations = (
				C0AAB9B72A5C3B7900359F06 /* Debug */,
				C0AAB9B82A5C3B7900359F06 /* Release */,
			);
			defaultConfigurationIsVisible = 0;
			defaultConfigurationName = Release;
		};
		C0AAB9B92A5C3B7900359F06 /* Build configuration list for PBXNativeTarget "TakeItTests" */ = {
			isa = XCConfigurationList;
			buildConfigurations = (
				C0AAB9BA2A5C3B7900359F06 /* Debug */,
				C0AAB9BB2A5C3B7900359F06 /* Release */,
			);
			defaultConfigurationIsVisible = 0;
			defaultConfigurationName = Release;
		};
		C0AAB9BC2A5C3B7900359F06 /* Build configuration list for PBXNativeTarget "TakeItUITests" */ = {
			isa = XCConfigurationList;
			buildConfigurations = (
				C0AAB9BD2A5C3B7900359F06 /* Debug */,
				C0AAB9BE2A5C3B7900359F06 /* Release */,
			);
			defaultConfigurationIsVisible = 0;
			defaultConfigurationName = Release;
		};
/* End XCConfigurationList section */

/* Begin XCRemoteSwiftPackageReference section */
		C0AAB9BF2A5C431500359F06 /* XCRemoteSwiftPackageReference "realm-swift" */ = {
			isa = XCRemoteSwiftPackageReference;
			repositoryURL = "https://github.com/realm/realm-swift.git";
			requirement = {
				kind = upToNextMajorVersion;
				minimumVersion = 10.41.0;
			};
		};
/* End XCRemoteSwiftPackageReference section */

/* Begin XCSwiftPackageProductDependency section */
		C0AAB9C02A5C431500359F06 /* Realm */ = {
			isa = XCSwiftPackageProductDependency;
			package = C0AAB9BF2A5C431500359F06 /* XCRemoteSwiftPackageReference "realm-swift" */;
			productName = Realm;
		};
		C0AAB9C22A5C431500359F06 /* RealmSwift */ = {
			isa = XCSwiftPackageProductDependency;
			package = C0AAB9BF2A5C431500359F06 /* XCRemoteSwiftPackageReference "realm-swift" */;
			productName = RealmSwift;
		};
		C0AAB9C52A5C608400359F06 /* Realm */ = {
			isa = XCSwiftPackageProductDependency;
			package = C0AAB9BF2A5C431500359F06 /* XCRemoteSwiftPackageReference "realm-swift" */;
			productName = Realm;
		};
		C0AAB9C72A5C608700359F06 /* RealmSwift */ = {
			isa = XCSwiftPackageProductDependency;
			package = C0AAB9BF2A5C431500359F06 /* XCRemoteSwiftPackageReference "realm-swift" */;
			productName = RealmSwift;
		};
/* End XCSwiftPackageProductDependency section */
	};
	rootObject = C0AAB98A2A5C3B7700359F06 /* Project object */;
}
